
Microsoft Visual Studio Solution File, Format Version 12.00
# Visual Studio 15
VisualStudioVersion = 15.0.27428.2015
MinimumVisualStudioVersion = 10.0.40219.1
Project("{FAE04EC0-301F-11D3-BF4B-00C04F79EFBC}") = "NodesDemand", "NodesDemand\NodesDemand.csproj", "{689630CE-535C-4951-8305-C62100F70744}"
EndProject
Global
	GlobalSection(SolutionConfigurationPlatforms) = preSolution
		Debug|Any CPU = Debug|Any CPU
		Release|Any CPU = Release|Any CPU
	EndGlobalSection
	GlobalSection(ProjectConfigurationPlatforms) = postSolution
		{689630CE-535C-4951-8305-C62100F70744}.Debug|Any CPU.ActiveCfg = Debug|Any CPU
		{689630CE-535C-4951-8305-C62100F70744}.Debug|Any CPU.Build.0 = Debug|Any CPU
		{689630CE-535C-4951-8305-C62100F70744}.Release|Any CPU.ActiveCfg = Release|Any CPU
		{689630CE-535C-4951-8305-C62100F70744}.Release|Any CPU.Build.0 = Release|Any CPU
	EndGlobalSection
	GlobalSection(SolutionProperties) = preSolution
		HideSolutionNode = FALSE
	EndGlobalSection
	GlobalSection(ExtensibilityGlobals) = postSolution
		SolutionGuid = {EB19C254-1D48-4948-86E5-F3857D0A4194}
	EndGlobalSection
EndGlobal
